// !$*UTF8*$!
{
	archiveVersion = 1;
	classes = {
	};
	objectVersion = 55;
	objects = {

/* Begin PBXBuildFile section */
		C3413C70285753FC00D9DF7B /* TarotAppSwiftUIApp.swift in Sources */ = {isa = PBXBuildFile; fileRef = C3413C6F285753FC00D9DF7B /* TarotAppSwiftUIApp.swift */; };
		C3413C72285753FC00D9DF7B /* ListOfCardsView.swift in Sources */ = {isa = PBXBuildFile; fileRef = C3413C71285753FC00D9DF7B /* ListOfCardsView.swift */; };
		C3413C74285753FD00D9DF7B /* Assets.xcassets in Resources */ = {isa = PBXBuildFile; fileRef = C3413C73285753FD00D9DF7B /* Assets.xcassets */; };
		C3413C77285753FD00D9DF7B /* Preview Assets.xcassets in Resources */ = {isa = PBXBuildFile; fileRef = C3413C76285753FD00D9DF7B /* Preview Assets.xcassets */; };
		C3413C7E285754CD00D9DF7B /* TarotCard.swift in Sources */ = {isa = PBXBuildFile; fileRef = C3413C7D285754CD00D9DF7B /* TarotCard.swift */; };
		C3413C802857BF3400D9DF7B /* TarotCardView.swift in Sources */ = {isa = PBXBuildFile; fileRef = C3413C7F2857BF3400D9DF7B /* TarotCardView.swift */; };
		C3413C8228591A6400D9DF7B /* TarotGrid.swift in Sources */ = {isa = PBXBuildFile; fileRef = C3413C8128591A6400D9DF7B /* TarotGrid.swift */; };
		C3413C8528591B7B00D9DF7B /* DetailTarotCard.swift in Sources */ = {isa = PBXBuildFile; fileRef = C3413C8428591B7B00D9DF7B /* DetailTarotCard.swift */; };
		C3413C8B285932EC00D9DF7B /* ListOfAspects.swift in Sources */ = {isa = PBXBuildFile; fileRef = C3413C8A285932EC00D9DF7B /* ListOfAspects.swift */; };
		C371C0E1286CE80400AFAAD6 /* PickerView.swift in Sources */ = {isa = PBXBuildFile; fileRef = C371C0E0286CE80400AFAAD6 /* PickerView.swift */; };
		C371C0E3286CE94D00AFAAD6 /* Header.swift in Sources */ = {isa = PBXBuildFile; fileRef = C371C0E2286CE94D00AFAAD6 /* Header.swift */; };
		C371C0E7286CEB4C00AFAAD6 /* ListView.swift in Sources */ = {isa = PBXBuildFile; fileRef = C371C0E6286CEB4C00AFAAD6 /* ListView.swift */; };
		C371C0E928721F9F00AFAAD6 /* StartView.swift in Sources */ = {isa = PBXBuildFile; fileRef = C371C0E828721F9F00AFAAD6 /* StartView.swift */; };
		C371C0EC287222BD00AFAAD6 /* SpreadOfThreeCards.swift in Sources */ = {isa = PBXBuildFile; fileRef = C371C0EB287222BD00AFAAD6 /* SpreadOfThreeCards.swift */; };
		C3CBFF88288D8B3A0085272D /* PageView.swift in Sources */ = {isa = PBXBuildFile; fileRef = C3CBFF87288D8B3A0085272D /* PageView.swift */; };
		C3CBFF8A288D8BF00085272D /* PageOneView.swift in Sources */ = {isa = PBXBuildFile; fileRef = C3CBFF89288D8BF00085272D /* PageOneView.swift */; };
		C3CBFF8C288D8F810085272D /* PageTwoView.swift in Sources */ = {isa = PBXBuildFile; fileRef = C3CBFF8B288D8F810085272D /* PageTwoView.swift */; };
		C3CBFF8E288D9C9E0085272D /* PageThreeView.swift in Sources */ = {isa = PBXBuildFile; fileRef = C3CBFF8D288D9C9E0085272D /* PageThreeView.swift */; };
		C3F1487128A2C7000096E51F /* TarotCard Extension.swift in Sources */ = {isa = PBXBuildFile; fileRef = C3F1487028A2C7000096E51F /* TarotCard Extension.swift */; };
/* End PBXBuildFile section */

/* Begin PBXFileReference section */
		C3413C6C285753FC00D9DF7B /* TarotAppSwiftUI.app */ = {isa = PBXFileReference; explicitFileType = wrapper.application; includeInIndex = 0; path = TarotAppSwiftUI.app; sourceTree = BUILT_PRODUCTS_DIR; };
		C3413C6F285753FC00D9DF7B /* TarotAppSwiftUIApp.swift */ = {isa = PBXFileReference; lastKnownFileType = sourcecode.swift; path = TarotAppSwiftUIApp.swift; sourceTree = "<group>"; };
		C3413C71285753FC00D9DF7B /* ListOfCardsView.swift */ = {isa = PBXFileReference; lastKnownFileType = sourcecode.swift; path = ListOfCardsView.swift; sourceTree = "<group>"; };
		C3413C73285753FD00D9DF7B /* Assets.xcassets */ = {isa = PBXFileReference; lastKnownFileType = folder.assetcatalog; path = Assets.xcassets; sourceTree = "<group>"; };
		C3413C76285753FD00D9DF7B /* Preview Assets.xcassets */ = {isa = PBXFileReference; lastKnownFileType = folder.assetcatalog; path = "Preview Assets.xcassets"; sourceTree = "<group>"; };
		C3413C7D285754CD00D9DF7B /* TarotCard.swift */ = {isa = PBXFileReference; lastKnownFileType = sourcecode.swift; path = TarotCard.swift; sourceTree = "<group>"; };
		C3413C7F2857BF3400D9DF7B /* TarotCardView.swift */ = {isa = PBXFileReference; lastKnownFileType = sourcecode.swift; path = TarotCardView.swift; sourceTree = "<group>"; };
		C3413C8128591A6400D9DF7B /* TarotGrid.swift */ = {isa = PBXFileReference; lastKnownFileType = sourcecode.swift; path = TarotGrid.swift; sourceTree = "<group>"; };
		C3413C8428591B7B00D9DF7B /* DetailTarotCard.swift */ = {isa = PBXFileReference; lastKnownFileType = sourcecode.swift; path = DetailTarotCard.swift; sourceTree = "<group>"; };
		C3413C8A285932EC00D9DF7B /* ListOfAspects.swift */ = {isa = PBXFileReference; lastKnownFileType = sourcecode.swift; path = ListOfAspects.swift; sourceTree = "<group>"; };
		C371C0E0286CE80400AFAAD6 /* PickerView.swift */ = {isa = PBXFileReference; lastKnownFileType = sourcecode.swift; path = PickerView.swift; sourceTree = "<group>"; };
		C371C0E2286CE94D00AFAAD6 /* Header.swift */ = {isa = PBXFileReference; lastKnownFileType = sourcecode.swift; path = Header.swift; sourceTree = "<group>"; };
		C371C0E6286CEB4C00AFAAD6 /* ListView.swift */ = {isa = PBXFileReference; lastKnownFileType = sourcecode.swift; path = ListView.swift; sourceTree = "<group>"; };
		C371C0E828721F9F00AFAAD6 /* StartView.swift */ = {isa = PBXFileReference; lastKnownFileType = sourcecode.swift; path = StartView.swift; sourceTree = "<group>"; };
		C371C0EB287222BD00AFAAD6 /* SpreadOfThreeCards.swift */ = {isa = PBXFileReference; lastKnownFileType = sourcecode.swift; path = SpreadOfThreeCards.swift; sourceTree = "<group>"; };
		C3CBFF87288D8B3A0085272D /* PageView.swift */ = {isa = PBXFileReference; lastKnownFileType = sourcecode.swift; path = PageView.swift; sourceTree = "<group>"; };
		C3CBFF89288D8BF00085272D /* PageOneView.swift */ = {isa = PBXFileReference; lastKnownFileType = sourcecode.swift; path = PageOneView.swift; sourceTree = "<group>"; };
		C3CBFF8B288D8F810085272D /* PageTwoView.swift */ = {isa = PBXFileReference; lastKnownFileType = sourcecode.swift; path = PageTwoView.swift; sourceTree = "<group>"; };
		C3CBFF8D288D9C9E0085272D /* PageThreeView.swift */ = {isa = PBXFileReference; lastKnownFileType = sourcecode.swift; path = PageThreeView.swift; sourceTree = "<group>"; };
		C3F1487028A2C7000096E51F /* TarotCard Extension.swift */ = {isa = PBXFileReference; lastKnownFileType = sourcecode.swift; path = "TarotCard Extension.swift"; sourceTree = "<group>"; };
/* End PBXFileReference section */

/* Begin PBXFrameworksBuildPhase section */
		C3413C69285753FC00D9DF7B /* Frameworks */ = {
			isa = PBXFrameworksBuildPhase;
			buildActionMask = 2147483647;
			files = (
			);
			runOnlyForDeploymentPostprocessing = 0;
		};
/* End PBXFrameworksBuildPhase section */

/* Begin PBXGroup section */
		C3413C63285753FC00D9DF7B = {
			isa = PBXGroup;
			children = (
				C3413C6E285753FC00D9DF7B /* TarotAppSwiftUI */,
				C3413C6D285753FC00D9DF7B /* Products */,
			);
			sourceTree = "<group>";
		};
		C3413C6D285753FC00D9DF7B /* Products */ = {
			isa = PBXGroup;
			children = (
				C3413C6C285753FC00D9DF7B /* TarotAppSwiftUI.app */,
			);
			name = Products;
			sourceTree = "<group>";
		};
		C3413C6E285753FC00D9DF7B /* TarotAppSwiftUI */ = {
			isa = PBXGroup;
			children = (
				C3413C6F285753FC00D9DF7B /* TarotAppSwiftUIApp.swift */,
				C371C0E828721F9F00AFAAD6 /* StartView.swift */,
				C3830FA528A3E1070006A182 /* Spread */,
				C3CBFF8F288DC8EB0085272D /* PageView */,
				C371C0EA287221B200AFAAD6 /* ListOfCards */,
				C3413C8328591B5700D9DF7B /* Model */,
				C3413C73285753FD00D9DF7B /* Assets.xcassets */,
				C3413C75285753FD00D9DF7B /* Preview Content */,
			);
			path = TarotAppSwiftUI;
			sourceTree = "<group>";
		};
		C3413C75285753FD00D9DF7B /* Preview Content */ = {
			isa = PBXGroup;
			children = (
				C3413C76285753FD00D9DF7B /* Preview Assets.xcassets */,
			);
			path = "Preview Content";
			sourceTree = "<group>";
		};
		C3413C8328591B5700D9DF7B /* Model */ = {
			isa = PBXGroup;
			children = (
				C3413C7D285754CD00D9DF7B /* TarotCard.swift */,
				C3F1487028A2C7000096E51F /* TarotCard Extension.swift */,
			);
			path = Model;
			sourceTree = "<group>";
		};
		C371C0E4286CEAED00AFAAD6 /* Grid */ = {
			isa = PBXGroup;
			children = (
				C3413C7F2857BF3400D9DF7B /* TarotCardView.swift */,
				C3413C8128591A6400D9DF7B /* TarotGrid.swift */,
			);
			path = Grid;
			sourceTree = "<group>";
		};
		C371C0E5286CEAFD00AFAAD6 /* CardDetails */ = {
			isa = PBXGroup;
			children = (
				C3413C8428591B7B00D9DF7B /* DetailTarotCard.swift */,
				C3413C8A285932EC00D9DF7B /* ListOfAspects.swift */,
			);
			path = CardDetails;
			sourceTree = "<group>";
		};
		C371C0EA287221B200AFAAD6 /* ListOfCards */ = {
			isa = PBXGroup;
			children = (
				C3413C71285753FC00D9DF7B /* ListOfCardsView.swift */,
				C371C0E6286CEB4C00AFAAD6 /* ListView.swift */,
				C371C0E0286CE80400AFAAD6 /* PickerView.swift */,
				C371C0E2286CE94D00AFAAD6 /* Header.swift */,
				C371C0E5286CEAFD00AFAAD6 /* CardDetails */,
				C371C0E4286CEAED00AFAAD6 /* Grid */,
			);
			path = ListOfCards;
			sourceTree = "<group>";
		};
		C3830FA528A3E1070006A182 /* Spread */ = {
			isa = PBXGroup;
			children = (
				C371C0EB287222BD00AFAAD6 /* SpreadOfThreeCards.swift */,
			);
			path = Spread;
			sourceTree = "<group>";
		};
		C3CBFF8F288DC8EB0085272D /* PageView */ = {
			isa = PBXGroup;
			children = (
				C3CBFF87288D8B3A0085272D /* PageView.swift */,
				C3CBFF89288D8BF00085272D /* PageOneView.swift */,
				C3CBFF8B288D8F810085272D /* PageTwoView.swift */,
				C3CBFF8D288D9C9E0085272D /* PageThreeView.swift */,
			);
			path = PageView;
			sourceTree = "<group>";
		};
/* End PBXGroup section */

/* Begin PBXNativeTarget section */
		C3413C6B285753FC00D9DF7B /* TarotAppSwiftUI */ = {
			isa = PBXNativeTarget;
			buildConfigurationList = C3413C7A285753FD00D9DF7B /* Build configuration list for PBXNativeTarget "TarotAppSwiftUI" */;
			buildPhases = (
				C3413C68285753FC00D9DF7B /* Sources */,
				C3413C69285753FC00D9DF7B /* Frameworks */,
				C3413C6A285753FC00D9DF7B /* Resources */,
			);
			buildRules = (
			);
			dependencies = (
			);
			name = TarotAppSwiftUI;
			productName = TarotAppSwiftUI;
			productReference = C3413C6C285753FC00D9DF7B /* TarotAppSwiftUI.app */;
			productType = "com.apple.product-type.application";
		};
/* End PBXNativeTarget section */

/* Begin PBXProject section */
		C3413C64285753FC00D9DF7B /* Project object */ = {
			isa = PBXProject;
			attributes = {
				BuildIndependentTargetsInParallel = 1;
				LastSwiftUpdateCheck = 1330;
				LastUpgradeCheck = 1330;
				TargetAttributes = {
					C3413C6B285753FC00D9DF7B = {
						CreatedOnToolsVersion = 13.3.1;
					};
				};
			};
			buildConfigurationList = C3413C67285753FC00D9DF7B /* Build configuration list for PBXProject "TarotAppSwiftUI" */;
			compatibilityVersion = "Xcode 13.0";
			developmentRegion = en;
			hasScannedForEncodings = 0;
			knownRegions = (
				en,
				Base,
			);
			mainGroup = C3413C63285753FC00D9DF7B;
			productRefGroup = C3413C6D285753FC00D9DF7B /* Products */;
			projectDirPath = "";
			projectRoot = "";
			targets = (
				C3413C6B285753FC00D9DF7B /* TarotAppSwiftUI */,
			);
		};
/* End PBXProject section */

/* Begin PBXResourcesBuildPhase section */
		C3413C6A285753FC00D9DF7B /* Resources */ = {
			isa = PBXResourcesBuildPhase;
			buildActionMask = 2147483647;
			files = (
				C3413C77285753FD00D9DF7B /* Preview Assets.xcassets in Resources */,
				C3413C74285753FD00D9DF7B /* Assets.xcassets in Resources */,
			);
			runOnlyForDeploymentPostprocessing = 0;
		};
/* End PBXResourcesBuildPhase section */

/* Begin PBXSourcesBuildPhase section */
		C3413C68285753FC00D9DF7B /* Sources */ = {
			isa = PBXSourcesBuildPhase;
			buildActionMask = 2147483647;
			files = (
				C3413C72285753FC00D9DF7B /* ListOfCardsView.swift in Sources */,
				C371C0E928721F9F00AFAAD6 /* StartView.swift in Sources */,
				C3413C802857BF3400D9DF7B /* TarotCardView.swift in Sources */,
				C371C0E7286CEB4C00AFAAD6 /* ListView.swift in Sources */,
				C3CBFF88288D8B3A0085272D /* PageView.swift in Sources */,
				C3413C8B285932EC00D9DF7B /* ListOfAspects.swift in Sources */,
				C3413C70285753FC00D9DF7B /* TarotAppSwiftUIApp.swift in Sources */,
				C371C0E1286CE80400AFAAD6 /* PickerView.swift in Sources */,
				C3413C7E285754CD00D9DF7B /* TarotCard.swift in Sources */,
				C3413C8228591A6400D9DF7B /* TarotGrid.swift in Sources */,
				C3CBFF8A288D8BF00085272D /* PageOneView.swift in Sources */,
				C371C0E3286CE94D00AFAAD6 /* Header.swift in Sources */,
				C3F1487128A2C7000096E51F /* TarotCard Extension.swift in Sources */,
				C3413C8528591B7B00D9DF7B /* DetailTarotCard.swift in Sources */,
				C3CBFF8C288D8F810085272D /* PageTwoView.swift in Sources */,
				C3CBFF8E288D9C9E0085272D /* PageThreeView.swift in Sources */,
				C371C0EC287222BD00AFAAD6 /* SpreadOfThreeCards.swift in Sources */,
			);
			runOnlyForDeploymentPostprocessing = 0;
		};
/* End PBXSourcesBuildPhase section */

/* Begin XCBuildConfiguration section */
		C3413C78285753FD00D9DF7B /* Debug */ = {
			isa = XCBuildConfiguration;
			buildSettings = {
				ALWAYS_SEARCH_USER_PATHS = NO;
				CLANG_ANALYZER_NONNULL = YES;
				CLANG_ANALYZER_NUMBER_OBJECT_CONVERSION = YES_AGGRESSIVE;
				CLANG_CXX_LANGUAGE_STANDARD = "gnu++17";
				CLANG_ENABLE_MODULES = YES;
				CLANG_ENABLE_OBJC_ARC = YES;
				CLANG_ENABLE_OBJC_WEAK = YES;
				CLANG_WARN_BLOCK_CAPTURE_AUTORELEASING = YES;
				CLANG_WARN_BOOL_CONVERSION = YES;
				CLANG_WARN_COMMA = YES;
				CLANG_WARN_CONSTANT_CONVERSION = YES;
				CLANG_WARN_DEPRECATED_OBJC_IMPLEMENTATIONS = YES;
				CLANG_WARN_DIRECT_OBJC_ISA_USAGE = YES_ERROR;
				CLANG_WARN_DOCUMENTATION_COMMENTS = YES;
				CLANG_WARN_EMPTY_BODY = YES;
				CLANG_WARN_ENUM_CONVERSION = YES;
				CLANG_WARN_INFINITE_RECURSION = YES;
				CLANG_WARN_INT_CONVERSION = YES;
				CLANG_WARN_NON_LITERAL_NULL_CONVERSION = YES;
				CLANG_WARN_OBJC_IMPLICIT_RETAIN_SELF = YES;
				CLANG_WARN_OBJC_LITERAL_CONVERSION = YES;
				CLANG_WARN_OBJC_ROOT_CLASS = YES_ERROR;
				CLANG_WARN_QUOTED_INCLUDE_IN_FRAMEWORK_HEADER = YES;
				CLANG_WARN_RANGE_LOOP_ANALYSIS = YES;
				CLANG_WARN_STRICT_PROTOTYPES = YES;
				CLANG_WARN_SUSPICIOUS_MOVE = YES;
				CLANG_WARN_UNGUARDED_AVAILABILITY = YES_AGGRESSIVE;
				CLANG_WARN_UNREACHABLE_CODE = YES;
				CLANG_WARN__DUPLICATE_METHOD_MATCH = YES;
				COPY_PHASE_STRIP = NO;
				DEBUG_INFORMATION_FORMAT = dwarf;
				ENABLE_STRICT_OBJC_MSGSEND = YES;
				ENABLE_TESTABILITY = YES;
				GCC_C_LANGUAGE_STANDARD = gnu11;
				GCC_DYNAMIC_NO_PIC = NO;
				GCC_NO_COMMON_BLOCKS = YES;
				GCC_OPTIMIZATION_LEVEL = 0;
				GCC_PREPROCESSOR_DEFINITIONS = (
					"DEBUG=1",
					"$(inherited)",
				);
				GCC_WARN_64_TO_32_BIT_CONVERSION = YES;
				GCC_WARN_ABOUT_RETURN_TYPE = YES_ERROR;
				GCC_WARN_UNDECLARED_SELECTOR = YES;
				GCC_WARN_UNINITIALIZED_AUTOS = YES_AGGRESSIVE;
				GCC_WARN_UNUSED_FUNCTION = YES;
				GCC_WARN_UNUSED_VARIABLE = YES;
				IPHONEOS_DEPLOYMENT_TARGET = 15.4;
				MTL_ENABLE_DEBUG_INFO = INCLUDE_SOURCE;
				MTL_FAST_MATH = YES;
				ONLY_ACTIVE_ARCH = YES;
				SDKROOT = iphoneos;
				SWIFT_ACTIVE_COMPILATION_CONDITIONS = DEBUG;
				SWIFT_OPTIMIZATION_LEVEL = "-Onone";
			};
			name = Debug;
		};
		C3413C79285753FD00D9DF7B /* Release */ = {
			isa = XCBuildConfiguration;
			buildSettings = {
				ALWAYS_SEARCH_USER_PATHS = NO;
				CLANG_ANALYZER_NONNULL = YES;
				CLANG_ANALYZER_NUMBER_OBJECT_CONVERSION = YES_AGGRESSIVE;
				CLANG_CXX_LANGUAGE_STANDARD = "gnu++17";
				CLANG_ENABLE_MODULES = YES;
				CLANG_ENABLE_OBJC_ARC = YES;
				CLANG_ENABLE_OBJC_WEAK = YES;
				CLANG_WARN_BLOCK_CAPTURE_AUTORELEASING = YES;
				CLANG_WARN_BOOL_CONVERSION = YES;
				CLANG_WARN_COMMA = YES;
				CLANG_WARN_CONSTANT_CONVERSION = YES;
				CLANG_WARN_DEPRECATED_OBJC_IMPLEMENTATIONS = YES;
				CLANG_WARN_DIRECT_OBJC_ISA_USAGE = YES_ERROR;
				CLANG_WARN_DOCUMENTATION_COMMENTS = YES;
				CLANG_WARN_EMPTY_BODY = YES;
				CLANG_WARN_ENUM_CONVERSION = YES;
				CLANG_WARN_INFINITE_RECURSION = YES;
				CLANG_WARN_INT_CONVERSION = YES;
				CLANG_WARN_NON_LITERAL_NULL_CONVERSION = YES;
				CLANG_WARN_OBJC_IMPLICIT_RETAIN_SELF = YES;
				CLANG_WARN_OBJC_LITERAL_CONVERSION = YES;
				CLANG_WARN_OBJC_ROOT_CLASS = YES_ERROR;
				CLANG_WARN_QUOTED_INCLUDE_IN_FRAMEWORK_HEADER = YES;
				CLANG_WARN_RANGE_LOOP_ANALYSIS = YES;
				CLANG_WARN_STRICT_PROTOTYPES = YES;
				CLANG_WARN_SUSPICIOUS_MOVE = YES;
				CLANG_WARN_UNGUARDED_AVAILABILITY = YES_AGGRESSIVE;
				CLANG_WARN_UNREACHABLE_CODE = YES;
				CLANG_WARN__DUPLICATE_METHOD_MATCH = YES;
				COPY_PHASE_STRIP = NO;
				DEBUG_INFORMATION_FORMAT = "dwarf-with-dsym";
				ENABLE_NS_ASSERTIONS = NO;
				ENABLE_STRICT_OBJC_MSGSEND = YES;
				GCC_C_LANGUAGE_STANDARD = gnu11;
				GCC_NO_COMMON_BLOCKS = YES;
				GCC_WARN_64_TO_32_BIT_CONVERSION = YES;
				GCC_WARN_ABOUT_RETURN_TYPE = YES_ERROR;
				GCC_WARN_UNDECLARED_SELECTOR = YES;
				GCC_WARN_UNINITIALIZED_AUTOS = YES_AGGRESSIVE;
				GCC_WARN_UNUSED_FUNCTION = YES;
				GCC_WARN_UNUSED_VARIABLE = YES;
				IPHONEOS_DEPLOYMENT_TARGET = 15.4;
				MTL_ENABLE_DEBUG_INFO = NO;
				MTL_FAST_MATH = YES;
				SDKROOT = iphoneos;
				SWIFT_COMPILATION_MODE = wholemodule;
				SWIFT_OPTIMIZATION_LEVEL = "-O";
				VALIDATE_PRODUCT = YES;
			};
			name = Release;
		};
		C3413C7B285753FD00D9DF7B /* Debug */ = {
			isa = XCBuildConfiguration;
			buildSettings = {
				ASSETCATALOG_COMPILER_APPICON_NAME = AppIcon;
				ASSETCATALOG_COMPILER_GLOBAL_ACCENT_COLOR_NAME = AccentColor;
				CODE_SIGN_STYLE = Automatic;
				CURRENT_PROJECT_VERSION = 1;
				DEVELOPMENT_ASSET_PATHS = "\"TarotAppSwiftUI/Preview Content\"";
				DEVELOPMENT_TEAM = S9M3DWKK37;
				ENABLE_PREVIEWS = YES;
				GENERATE_INFOPLIST_FILE = YES;
				INFOPLIST_KEY_UIApplicationSceneManifest_Generation = YES;
				INFOPLIST_KEY_UIApplicationSupportsIndirectInputEvents = YES;
				INFOPLIST_KEY_UILaunchScreen_Generation = YES;
				INFOPLIST_KEY_UISupportedInterfaceOrientations_iPad = "UIInterfaceOrientationPortrait UIInterfaceOrientationPortraitUpsideDown UIInterfaceOrientationLandscapeLeft UIInterfaceOrientationLandscapeRight";
				INFOPLIST_KEY_UISupportedInterfaceOrientations_iPhone = "UIInterfaceOrientationPortrait UIInterfaceOrientationLandscapeLeft UIInterfaceOrientationLandscapeRight";
				LD_RUNPATH_SEARCH_PATHS = (
					"$(inherited)",
					"@executable_path/Frameworks",
				);
				MARKETING_VERSION = 1.0;
				PRODUCT_BUNDLE_IDENTIFIER = "ru-korshina.TarotAppSwiftUI";
				PRODUCT_NAME = TarotAppSwiftUI;
				SWIFT_EMIT_LOC_STRINGS = YES;
				SWIFT_VERSION = 5.0;
				TARGETED_DEVICE_FAMILY = "1,2";
			};
			name = Debug;
		};
		C3413C7C285753FD00D9DF7B /* Release */ = {
			isa = XCBuildConfiguration;
			buildSettings = {
				ASSETCATALOG_COMPILER_APPICON_NAME = AppIcon;
				ASSETCATALOG_COMPILER_GLOBAL_ACCENT_COLOR_NAME = AccentColor;
				CODE_SIGN_STYLE = Automatic;
				CURRENT_PROJECT_VERSION = 1;
				DEVELOPMENT_ASSET_PATHS = "\"TarotAppSwiftUI/Preview Content\"";
				DEVELOPMENT_TEAM = S9M3DWKK37;
				ENABLE_PREVIEWS = YES;
				GENERATE_INFOPLIST_FILE = YES;
				INFOPLIST_KEY_UIApplicationSceneManifest_Generation = YES;
				INFOPLIST_KEY_UIApplicationSupportsIndirectInputEvents = YES;
				INFOPLIST_KEY_UILaunchScreen_Generation = YES;
				INFOPLIST_KEY_UISupportedInterfaceOrientations_iPad = "UIInterfaceOrientationPortrait UIInterfaceOrientationPortraitUpsideDown UIInterfaceOrientationLandscapeLeft UIInterfaceOrientationLandscapeRight";
				INFOPLIST_KEY_UISupportedInterfaceOrientations_iPhone = "UIInterfaceOrientationPortrait UIInterfaceOrientationLandscapeLeft UIInterfaceOrientationLandscapeRight";
				LD_RUNPATH_SEARCH_PATHS = (
					"$(inherited)",
					"@executable_path/Frameworks",
				);
				MARKETING_VERSION = 1.0;
				PRODUCT_BUNDLE_IDENTIFIER = "ru-korshina.TarotAppSwiftUI";
				PRODUCT_NAME = TarotAppSwiftUI;
				SWIFT_EMIT_LOC_STRINGS = YES;
				SWIFT_VERSION = 5.0;
				TARGETED_DEVICE_FAMILY = "1,2";
			};
			name = Release;
		};
/* End XCBuildConfiguration section */

/* Begin XCConfigurationList section */
		C3413C67285753FC00D9DF7B /* Build configuration list for PBXProject "TarotAppSwiftUI" */ = {
			isa = XCConfigurationList;
			buildConfigurations = (
				C3413C78285753FD00D9DF7B /* Debug */,
				C3413C79285753FD00D9DF7B /* Release */,
			);
			defaultConfigurationIsVisible = 0;
			defaultConfigurationName = Release;
		};
		C3413C7A285753FD00D9DF7B /* Build configuration list for PBXNativeTarget "TarotAppSwiftUI" */ = {
			isa = XCConfigurationList;
			buildConfigurations = (
				C3413C7B285753FD00D9DF7B /* Debug */,
				C3413C7C285753FD00D9DF7B /* Release */,
			);
			defaultConfigurationIsVisible = 0;
			defaultConfigurationName = Release;
		};
/* End XCConfigurationList section */
	};
	rootObject = C3413C64285753FC00D9DF7B /* Project object */;
}
